<?xml version="1.0" encoding="utf-8"?>
<Project ToolsVersion="4.0" xmlns="http://schemas.microsoft.com/developer/msbuild/2003">
  <ItemGroup>
    <Filter Include="Form Files">
      <UniqueIdentifier>{99349809-55BA-4b9d-BF79-8FDBB0286EB3}</UniqueIdentifier>
      <Extensions>ui</Extensions>
    </Filter>
    <Filter Include="Resource Files">
      <UniqueIdentifier>{D9D6E242-F8AF-46E4-B9FD-80ECBC20BA3E}</UniqueIdentifier>
      <Extensions>qrc;*</Extensions>
      <ParseFiles>false</ParseFiles>
    </Filter>
    <Filter Include="Generated Files">
      <UniqueIdentifier>{71ED8ED8-ACB9-4CE9-BBE1-E00B30144E11}</UniqueIdentifier>
      <Extensions>moc;h;cpp</Extensions>
      <SourceControlFiles>False</SourceControlFiles>
    </Filter>
    <Filter Include="Generated Files\Debug">
      <UniqueIdentifier>{7853518d-c173-49b7-902e-229cbaaccfc7}</UniqueIdentifier>
      <Extensions>cpp;moc</Extensions>
      <SourceControlFiles>False</SourceControlFiles>
    </Filter>
    <Filter Include="Generated Files\Release">
      <UniqueIdentifier>{ed3317c1-8df2-40c5-8a7b-e51dd17c5c3f}</UniqueIdentifier>
      <Extensions>cpp;moc</Extensions>
      <SourceControlFiles>False</SourceControlFiles>
    </Filter>
    <Filter Include="src">
      <UniqueIdentifier>{beebf1a6-8414-405d-b37a-7496ac4d6760}</UniqueIdentifier>
    </Filter>
    <Filter Include="src\dialog">
      <UniqueIdentifier>{37b842a9-151a-49fa-b500-de8ebcc8a43f}</UniqueIdentifier>
    </Filter>
  </ItemGroup>
  <ItemGroup>
    <CustomBuild Include="hmesh.qrc">
      <Filter>Resource Files</Filter>
    </CustomBuild>
    <CustomBuild Include="hmesh.ui">
      <Filter>Form Files</Filter>
    </CustomBuild>
    <CustomBuild Include="hmesh.h">
      <Filter>src</Filter>
    </CustomBuild>
    <CustomBuild Include="dialog\mcdialog.h">
      <Filter>src\dialog</Filter>
    </CustomBuild>
    <CustomBuild Include="dialog\mcdialog.ui">
      <Filter>src\dialog</Filter>
    </CustomBuild>
    <CustomBuild Include="dialog\mcsimpdialog.h">
      <Filter>src\dialog</Filter>
    </CustomBuild>
    <CustomBuild Include="dialog\mcsimpdialog.ui">
      <Filter>src\dialog</Filter>
    </CustomBuild>
    <CustomBuild Include="dialog\qslimdialog.h">
      <Filter>src\dialog</Filter>
    </CustomBuild>
    <CustomBuild Include="hGlWidget.h">
      <Filter>src</Filter>
    </CustomBuild>
  </ItemGroup>
  <ItemGroup>
    <ClCompile Include="GeneratedFiles\qrc_hmesh.cpp">
      <Filter>Generated Files</Filter>
    </ClCompile>
    <ClCompile Include="hGlWidget.cpp">
      <Filter>src</Filter>
    </ClCompile>
    <ClCompile Include="hmesh.cpp">
      <Filter>src</Filter>
    </ClCompile>
    <ClCompile Include="main.cpp">
      <Filter>src</Filter>
    </ClCompile>
    <ClCompile Include="tri_soup.cpp">
      <Filter>src</Filter>
    </ClCompile>
    <ClCompile Include="utils_for_r.cpp">
      <Filter>src</Filter>
    </ClCompile>
    <ClCompile Include="dialog\mcdialog.cpp">
      <Filter>src\dialog</Filter>
    </ClCompile>
    <ClCompile Include="dialog\mcsimpdialog.cpp">
      <Filter>src\dialog</Filter>
    </ClCompile>
    <ClCompile Include="dialog\qslimdialog.cpp">
      <Filter>src\dialog</Filter>
    </ClCompile>
    <ClCompile Include="tri_soup_stream.cpp">
      <Filter>src</Filter>
    </ClCompile>
    <ClCompile Include="GeneratedFiles\Release\moc_hGlWidget.cpp">
      <Filter>Generated Files\Release</Filter>
    </ClCompile>
    <ClCompile Include="GeneratedFiles\Release\moc_hmesh.cpp">
      <Filter>Generated Files\Release</Filter>
    </ClCompile>
    <ClCompile Include="GeneratedFiles\Release\moc_mcdialog.cpp">
      <Filter>Generated Files\Release</Filter>
    </ClCompile>
    <ClCompile Include="GeneratedFiles\Release\moc_mcsimpdialog.cpp">
      <Filter>Generated Files\Release</Filter>
    </ClCompile>
    <ClCompile Include="GeneratedFiles\Release\moc_qslimdialog.cpp">
      <Filter>Generated Files\Release</Filter>
    </ClCompile>
    <ClCompile Include="GeneratedFiles\Debug\moc_hGlWidget.cpp">
      <Filter>Generated Files\Debug</Filter>
    </ClCompile>
    <ClCompile Include="GeneratedFiles\Debug\moc_hmesh.cpp">
      <Filter>Generated Files\Debug</Filter>
    </ClCompile>
    <ClCompile Include="GeneratedFiles\Debug\moc_mcdialog.cpp">
      <Filter>Generated Files\Debug</Filter>
    </ClCompile>
    <ClCompile Include="GeneratedFiles\Debug\moc_mcsimpdialog.cpp">
      <Filter>Generated Files\Debug</Filter>
    </ClCompile>
    <ClCompile Include="GeneratedFiles\Debug\moc_qslimdialog.cpp">
      <Filter>Generated Files\Debug</Filter>
    </ClCompile>
  </ItemGroup>
  <ItemGroup>
    <ClInclude Include="GeneratedFiles\ui_hmesh.h">
      <Filter>Generated Files</Filter>
    </ClInclude>
    <ClInclude Include="icesop_common.h">
      <Filter>src</Filter>
    </ClInclude>
    <ClInclude Include="tri_soup.h">
      <Filter>src</Filter>
    </ClInclude>
    <ClInclude Include="utils_for_r.h">
      <Filter>src</Filter>
    </ClInclude>
    <ClInclude Include="GeneratedFiles\ui_mcdialog.h">
      <Filter>Generated Files</Filter>
    </ClInclude>
    <ClInclude Include="GeneratedFiles\ui_mcsimpdialog.h">
      <Filter>Generated Files</Filter>
    </ClInclude>
    <ClInclude Include="tri_soup_stream.h">
      <Filter>src</Filter>
    </ClInclude>
  </ItemGroup>
</Project>