<?xml version="1.0" encoding="utf-8"?>
<Project ToolsVersion="4.0" xmlns="http://schemas.microsoft.com/developer/msbuild/2003">
  <ItemGroup>
    <Filter Include="Source Files">
      <UniqueIdentifier>{4FC737F1-C7A5-4376-A066-2A32D752A2FF}</UniqueIdentifier>
      <Extensions>cpp;cxx;c;def</Extensions>
    </Filter>
    <Filter Include="Header Files">
      <UniqueIdentifier>{93995380-89BD-4b04-88EB-625FBE52EBFB}</UniqueIdentifier>
      <Extensions>h</Extensions>
    </Filter>
    <Filter Include="Form Files">
      <UniqueIdentifier>{99349809-55BA-4b9d-BF79-8FDBB0286EB3}</UniqueIdentifier>
      <Extensions>ui</Extensions>
    </Filter>
    <Filter Include="Resource Files">
      <UniqueIdentifier>{D9D6E242-F8AF-46E4-B9FD-80ECBC20BA3E}</UniqueIdentifier>
      <Extensions>qrc;*</Extensions>
      <ParseFiles>false</ParseFiles>
    </Filter>
    <Filter Include="Generated Files">
      <UniqueIdentifier>{71ED8ED8-ACB9-4CE9-BBE1-E00B30144E11}</UniqueIdentifier>
      <Extensions>moc;h;cpp</Extensions>
      <SourceControlFiles>False</SourceControlFiles>
    </Filter>
    <Filter Include="Generated Files\Debug">
      <UniqueIdentifier>{62d2498f-8b88-42c5-aadf-16f6cd8e125e}</UniqueIdentifier>
      <Extensions>cpp;moc</Extensions>
      <SourceControlFiles>False</SourceControlFiles>
    </Filter>
    <Filter Include="Generated Files\Release">
      <UniqueIdentifier>{29657882-a42e-4cbf-9715-84d6884c4e2e}</UniqueIdentifier>
      <Extensions>cpp;moc</Extensions>
      <SourceControlFiles>False</SourceControlFiles>
    </Filter>
    <Filter Include="Source Files\Utilities">
      <UniqueIdentifier>{db706819-c5e4-4675-b840-040cd3d17ce7}</UniqueIdentifier>
    </Filter>
    <Filter Include="Source Files\Templates">
      <UniqueIdentifier>{f7751b4d-d3fc-4ee7-b2f1-32e5df195a98}</UniqueIdentifier>
    </Filter>
    <Filter Include="Header Files\Templates">
      <UniqueIdentifier>{0de7e85d-70df-4cfb-b584-a9fb97d515c1}</UniqueIdentifier>
    </Filter>
    <Filter Include="Source Files\Infrastructures">
      <UniqueIdentifier>{28955cee-53c2-4563-82f7-84cfce432195}</UniqueIdentifier>
    </Filter>
    <Filter Include="Header Files\Infrastructures">
      <UniqueIdentifier>{9f620974-2b89-4cad-8aa4-c6547099f259}</UniqueIdentifier>
    </Filter>
    <Filter Include="Header Files\Utilities">
      <UniqueIdentifier>{1342aea8-1f92-4c3f-953b-8832f929facc}</UniqueIdentifier>
    </Filter>
    <Filter Include="OpenCL Files">
      <UniqueIdentifier>{932bfaaa-ee16-495d-971f-30446d56ec64}</UniqueIdentifier>
    </Filter>
    <Filter Include="Header Files\VolumeRendering">
      <UniqueIdentifier>{cc06e42e-c676-4003-a7bc-408177b1cafe}</UniqueIdentifier>
    </Filter>
    <Filter Include="Form Files\VolumeRendering">
      <UniqueIdentifier>{438d673c-8b24-4bc5-bc8e-2e8f4913e04f}</UniqueIdentifier>
    </Filter>
    <Filter Include="Source Files\VolumeRendering">
      <UniqueIdentifier>{fa5a122a-c10e-4730-a260-602b18d25286}</UniqueIdentifier>
    </Filter>
    <Filter Include="Source Files\MarchingCubes">
      <UniqueIdentifier>{2d56614b-1e38-4796-8f91-81ec961219d4}</UniqueIdentifier>
    </Filter>
    <Filter Include="OpenCL Files\FeatureExtraction">
      <UniqueIdentifier>{ced8e9b3-0239-401c-af2d-0a0ca6732423}</UniqueIdentifier>
    </Filter>
    <Filter Include="OpenCL Files\MarchingCubes">
      <UniqueIdentifier>{27a98ddc-3bcf-435c-b5bb-47581c8a75e6}</UniqueIdentifier>
    </Filter>
    <Filter Include="OpenCL Files\VolumeRendering">
      <UniqueIdentifier>{ef3f9bc4-f36d-4601-9c3c-19d4f18c5031}</UniqueIdentifier>
    </Filter>
    <Filter Include="Header Files\MarchingCubes">
      <UniqueIdentifier>{6346fcdf-8b88-49ec-9a88-3976bf6594cf}</UniqueIdentifier>
    </Filter>
    <Filter Include="Form Files\MarchingCubes">
      <UniqueIdentifier>{ac39b94c-1fd4-44d5-b2e5-6a990d6ccce9}</UniqueIdentifier>
    </Filter>
    <Filter Include="Source Files\DepthPeeling">
      <UniqueIdentifier>{b7f89de2-f5fd-40fc-9de4-079bc320db01}</UniqueIdentifier>
    </Filter>
    <Filter Include="Header Files\DepthPeeling">
      <UniqueIdentifier>{500ac742-d4b3-4a8d-9355-9cb604f0c8ee}</UniqueIdentifier>
    </Filter>
    <Filter Include="Form Files\DepthPeeling">
      <UniqueIdentifier>{36134787-2679-4479-95e0-21589cd369f7}</UniqueIdentifier>
    </Filter>
    <Filter Include="GLSL Files">
      <UniqueIdentifier>{fc2b3bbe-1fe7-456f-abf7-cf22b85e5f42}</UniqueIdentifier>
    </Filter>
    <Filter Include="GLSL Files\DepthPeeling">
      <UniqueIdentifier>{f753ae0a-2455-4891-9400-544711b5d3a4}</UniqueIdentifier>
    </Filter>
    <Filter Include="Source Files\ViewSelection">
      <UniqueIdentifier>{f303e3b5-a7d2-417c-bf29-8973bde02929}</UniqueIdentifier>
    </Filter>
    <Filter Include="Header Files\ViewSelection">
      <UniqueIdentifier>{4ba34562-b111-4c8e-af4d-e15fb7bdc454}</UniqueIdentifier>
    </Filter>
    <Filter Include="Form Files\ViewSelection">
      <UniqueIdentifier>{114c2b00-ca3a-457e-a9c6-035344490e6d}</UniqueIdentifier>
    </Filter>
    <Filter Include="GLSL Files\VolumeRendering">
      <UniqueIdentifier>{1f9cc7d2-3f69-47e5-ac08-80cb6692c064}</UniqueIdentifier>
    </Filter>
    <Filter Include="OpenCL Files\ViewSelection">
      <UniqueIdentifier>{b730e1c0-974e-4de8-9fbb-1bf2e8a2e37c}</UniqueIdentifier>
    </Filter>
    <Filter Include="OpenCL Files\MarchingTetrahedrons">
      <UniqueIdentifier>{ef87f22d-0cf9-47c7-9d4b-cf31d4f7ab26}</UniqueIdentifier>
    </Filter>
    <Filter Include="Source Files\MarchingTetrahedrons">
      <UniqueIdentifier>{9912d663-5b9f-422f-a26c-a0171e9ab5f8}</UniqueIdentifier>
    </Filter>
    <Filter Include="Form Files\MarchingTetrahedrons">
      <UniqueIdentifier>{6902ce85-d6cf-4549-8c44-ff64d9f9887a}</UniqueIdentifier>
    </Filter>
    <Filter Include="Header Files\MarchingTetrahedrons">
      <UniqueIdentifier>{25b27f07-609e-467f-910e-5ecc368b1810}</UniqueIdentifier>
    </Filter>
  </ItemGroup>
  <ItemGroup>
    <ClCompile Include="QVisualizer.cpp">
      <Filter>Source Files</Filter>
    </ClCompile>
    <ClCompile Include="GeneratedFiles\qrc_QVisualizer.cpp">
      <Filter>Generated Files</Filter>
    </ClCompile>
    <ClCompile Include="GeneratedFiles\Debug\moc_QVisualizer.cpp">
      <Filter>Generated Files\Debug</Filter>
    </ClCompile>
    <ClCompile Include="GeneratedFiles\Release\moc_QVisualizer.cpp">
      <Filter>Generated Files\Release</Filter>
    </ClCompile>
    <ClCompile Include="GeneratedFiles\Debug\moc_QHoverPoints.cpp">
      <Filter>Generated Files\Debug</Filter>
    </ClCompile>
    <ClCompile Include="GeneratedFiles\Release\moc_QHoverPoints.cpp">
      <Filter>Generated Files\Release</Filter>
    </ClCompile>
    <ClCompile Include="infrastructures\QHoverPoints.cpp">
      <Filter>Source Files\Infrastructures</Filter>
    </ClCompile>
    <ClCompile Include="infrastructures\QStructure.cpp">
      <Filter>Source Files\Infrastructures</Filter>
    </ClCompile>
    <ClCompile Include="utilities\QIO.cpp">
      <Filter>Source Files\Utilities</Filter>
    </ClCompile>
    <ClCompile Include="utilities\QUtility.cpp">
      <Filter>Source Files\Utilities</Filter>
    </ClCompile>
    <ClCompile Include="templates\QCommon.cpp">
      <Filter>Source Files\Templates</Filter>
    </ClCompile>
    <ClCompile Include="QMain.cpp">
      <Filter>Source Files</Filter>
    </ClCompile>
    <ClCompile Include="infrastructures\QCLProgram.cpp">
      <Filter>Source Files\Infrastructures</Filter>
    </ClCompile>
    <ClCompile Include="infrastructures\QCLMemory.cpp">
      <Filter>Source Files\Infrastructures</Filter>
    </ClCompile>
    <ClCompile Include="GeneratedFiles\Debug\moc_QCommon.cpp">
      <Filter>Generated Files\Debug</Filter>
    </ClCompile>
    <ClCompile Include="GeneratedFiles\Release\moc_QCommon.cpp">
      <Filter>Generated Files\Release</Filter>
    </ClCompile>
    <ClCompile Include="infrastructures\QPipeline.cpp">
      <Filter>Source Files\Infrastructures</Filter>
    </ClCompile>
    <ClCompile Include="MarchingCubes\QMCSetting.cpp">
      <Filter>Source Files\MarchingCubes</Filter>
    </ClCompile>
    <ClCompile Include="MarchingCubes\QMCWidget.cpp">
      <Filter>Source Files\MarchingCubes</Filter>
    </ClCompile>
    <ClCompile Include="GeneratedFiles\Debug\moc_QMCWidget.cpp">
      <Filter>Generated Files\Debug</Filter>
    </ClCompile>
    <ClCompile Include="GeneratedFiles\Release\moc_QMCWidget.cpp">
      <Filter>Generated Files\Release</Filter>
    </ClCompile>
    <ClCompile Include="GeneratedFiles\Debug\moc_QMCVisualizer.cpp">
      <Filter>Generated Files\Debug</Filter>
    </ClCompile>
    <ClCompile Include="GeneratedFiles\Release\moc_QMCVisualizer.cpp">
      <Filter>Generated Files\Release</Filter>
    </ClCompile>
    <ClCompile Include="MarchingCubes\QMCVisualizer.cpp">
      <Filter>Source Files\MarchingCubes</Filter>
    </ClCompile>
    <ClCompile Include="VolumeRendering\QVRControlPanel.cpp">
      <Filter>Source Files\VolumeRendering</Filter>
    </ClCompile>
    <ClCompile Include="VolumeRendering\QVRSetting.cpp">
      <Filter>Source Files\VolumeRendering</Filter>
    </ClCompile>
    <ClCompile Include="VolumeRendering\QVRWidget.cpp">
      <Filter>Source Files\VolumeRendering</Filter>
    </ClCompile>
    <ClCompile Include="VolumeRendering\QVRVisualizer.cpp">
      <Filter>Source Files\VolumeRendering</Filter>
    </ClCompile>
    <ClCompile Include="GeneratedFiles\Debug\moc_QVRVisualizer.cpp">
      <Filter>Generated Files\Debug</Filter>
    </ClCompile>
    <ClCompile Include="GeneratedFiles\Release\moc_QVRVisualizer.cpp">
      <Filter>Generated Files\Release</Filter>
    </ClCompile>
    <ClCompile Include="VolumeRendering\QVRFeatureExtraction.cpp">
      <Filter>Source Files\VolumeRendering</Filter>
    </ClCompile>
    <ClCompile Include="MarchingCubes\QMCControlPanel.cpp">
      <Filter>Source Files\MarchingCubes</Filter>
    </ClCompile>
    <ClCompile Include="VolumeRendering\QVRPipeline.cpp">
      <Filter>Source Files\VolumeRendering</Filter>
    </ClCompile>
    <ClCompile Include="GeneratedFiles\Debug\moc_QVRWidget.cpp">
      <Filter>Generated Files\Debug</Filter>
    </ClCompile>
    <ClCompile Include="GeneratedFiles\Release\moc_QVRWidget.cpp">
      <Filter>Generated Files\Release</Filter>
    </ClCompile>
    <ClCompile Include="GeneratedFiles\Debug\moc_QDPWidget.cpp">
      <Filter>Generated Files\Debug</Filter>
    </ClCompile>
    <ClCompile Include="GeneratedFiles\Release\moc_QDPWidget.cpp">
      <Filter>Generated Files\Release</Filter>
    </ClCompile>
    <ClCompile Include="DepthPeeling\QDPControlPanel.cpp">
      <Filter>Source Files\DepthPeeling</Filter>
    </ClCompile>
    <ClCompile Include="DepthPeeling\QDPSetting.cpp">
      <Filter>Source Files\DepthPeeling</Filter>
    </ClCompile>
    <ClCompile Include="DepthPeeling\QDPVisualizer.cpp">
      <Filter>Source Files\DepthPeeling</Filter>
    </ClCompile>
    <ClCompile Include="DepthPeeling\QDPWidget.cpp">
      <Filter>Source Files\DepthPeeling</Filter>
    </ClCompile>
    <ClCompile Include="infrastructures\QProgram.cpp">
      <Filter>Source Files\Infrastructures</Filter>
    </ClCompile>
    <ClCompile Include="infrastructures\QTexture.cpp">
      <Filter>Source Files\Infrastructures</Filter>
    </ClCompile>
    <ClCompile Include="ViewSelection\QVSControlPanel.cpp">
      <Filter>Source Files\ViewSelection</Filter>
    </ClCompile>
    <ClCompile Include="ViewSelection\QVSSetting.cpp">
      <Filter>Source Files\ViewSelection</Filter>
    </ClCompile>
    <ClCompile Include="ViewSelection\QVSVisualizer.cpp">
      <Filter>Source Files\ViewSelection</Filter>
    </ClCompile>
    <ClCompile Include="ViewSelection\QVSWidget.cpp">
      <Filter>Source Files\ViewSelection</Filter>
    </ClCompile>
    <ClCompile Include="GeneratedFiles\Debug\moc_QVSVisualizer.cpp">
      <Filter>Generated Files\Debug</Filter>
    </ClCompile>
    <ClCompile Include="GeneratedFiles\Release\moc_QVSVisualizer.cpp">
      <Filter>Generated Files\Release</Filter>
    </ClCompile>
    <ClCompile Include="GeneratedFiles\Debug\moc_QVSWidget.cpp">
      <Filter>Generated Files\Debug</Filter>
    </ClCompile>
    <ClCompile Include="GeneratedFiles\Release\moc_QVSWidget.cpp">
      <Filter>Generated Files\Release</Filter>
    </ClCompile>
    <ClCompile Include="GeneratedFiles\Debug\moc_QTransferFunction1D.cpp">
      <Filter>Generated Files\Debug</Filter>
    </ClCompile>
    <ClCompile Include="GeneratedFiles\Release\moc_QTransferFunction1D.cpp">
      <Filter>Generated Files\Release</Filter>
    </ClCompile>
    <ClCompile Include="infrastructures\QTransferFunction1D.cpp">
      <Filter>Source Files\Infrastructures</Filter>
    </ClCompile>
    <ClCompile Include="infrastructures\QModel.cpp">
      <Filter>Source Files\Infrastructures</Filter>
    </ClCompile>
    <ClCompile Include="GeneratedFiles\Debug\moc_QDPVisualizer.cpp">
      <Filter>Generated Files\Debug</Filter>
    </ClCompile>
    <ClCompile Include="GeneratedFiles\Release\moc_QDPVisualizer.cpp">
      <Filter>Generated Files\Release</Filter>
    </ClCompile>
    <ClCompile Include="GeneratedFiles\Debug\moc_QHemisphere.cpp">
      <Filter>Generated Files\Debug</Filter>
    </ClCompile>
    <ClCompile Include="GeneratedFiles\Release\moc_QHemisphere.cpp">
      <Filter>Generated Files\Release</Filter>
    </ClCompile>
    <ClCompile Include="infrastructures\QHemisphere.cpp">
      <Filter>Source Files\Infrastructures</Filter>
    </ClCompile>
    <ClCompile Include="infrastructures\QVTKModel.cpp">
      <Filter>Source Files\Infrastructures</Filter>
    </ClCompile>
    <ClCompile Include="utilities\QTriangle.cpp">
      <Filter>Source Files\Utilities</Filter>
    </ClCompile>
    <ClCompile Include="infrastructures\QSetting.cpp">
      <Filter>Source Files\Infrastructures</Filter>
    </ClCompile>
    <ClCompile Include="GeneratedFiles\Debug\moc_QVSControlPanel.cpp">
      <Filter>Generated Files\Debug</Filter>
    </ClCompile>
    <ClCompile Include="GeneratedFiles\Release\moc_QVSControlPanel.cpp">
      <Filter>Generated Files\Release</Filter>
    </ClCompile>
    <ClCompile Include="GeneratedFiles\Debug\moc_QMTVisualizer.cpp">
      <Filter>Generated Files\Debug</Filter>
    </ClCompile>
    <ClCompile Include="GeneratedFiles\Release\moc_QMTVisualizer.cpp">
      <Filter>Generated Files\Release</Filter>
    </ClCompile>
    <ClCompile Include="GeneratedFiles\Debug\moc_QMTWidget.cpp">
      <Filter>Generated Files\Debug</Filter>
    </ClCompile>
    <ClCompile Include="GeneratedFiles\Release\moc_QMTWidget.cpp">
      <Filter>Generated Files\Release</Filter>
    </ClCompile>
    <ClCompile Include="MarchingTetrahedrons\QMTControlPanel.cpp">
      <Filter>Source Files\MarchingTetrahedrons</Filter>
    </ClCompile>
    <ClCompile Include="MarchingTetrahedrons\QMTSetting.cpp">
      <Filter>Source Files\MarchingTetrahedrons</Filter>
    </ClCompile>
    <ClCompile Include="MarchingTetrahedrons\QMTVisualizer.cpp">
      <Filter>Source Files\MarchingTetrahedrons</Filter>
    </ClCompile>
    <ClCompile Include="MarchingTetrahedrons\QMTWidget.cpp">
      <Filter>Source Files\MarchingTetrahedrons</Filter>
    </ClCompile>
    <ClCompile Include="infrastructures\QGridModel.cpp">
      <Filter>Source Files\Infrastructures</Filter>
    </ClCompile>
  </ItemGroup>
  <ItemGroup>
    <CustomBuild Include="QVisualizer.h">
      <Filter>Header Files</Filter>
    </CustomBuild>
    <CustomBuild Include="QVisualizer.qrc">
      <Filter>Resource Files</Filter>
    </CustomBuild>
    <CustomBuild Include="infrastructures\QHoverPoints.h">
      <Filter>Header Files\Infrastructures</Filter>
    </CustomBuild>
    <CustomBuild Include="ui\QVisualizer.ui">
      <Filter>Form Files</Filter>
    </CustomBuild>
    <CustomBuild Include="templates\QCommon.h">
      <Filter>Header Files\Templates</Filter>
    </CustomBuild>
    <CustomBuild Include="marchingcubes\QMCWidget.h">
      <Filter>Header Files\MarchingCubes</Filter>
    </CustomBuild>
    <CustomBuild Include="MarchingCubes\QMCVisualizer.h">
      <Filter>Header Files\MarchingCubes</Filter>
    </CustomBuild>
    <CustomBuild Include="volumerendering\QVRVisualizer.h">
      <Filter>Header Files\VolumeRendering</Filter>
    </CustomBuild>
    <CustomBuild Include="ui\VolumeRendering\QVRControlPanel.ui">
      <Filter>Form Files\VolumeRendering</Filter>
    </CustomBuild>
    <CustomBuild Include="ui\MarchingCubes\QMCControlPanel.ui">
      <Filter>Form Files\MarchingCubes</Filter>
    </CustomBuild>
    <CustomBuild Include="VolumeRendering\QVRWidget.h">
      <Filter>Header Files\VolumeRendering</Filter>
    </CustomBuild>
    <CustomBuild Include="DepthPeeling\QDPVisualizer.h">
      <Filter>Header Files\DepthPeeling</Filter>
    </CustomBuild>
    <CustomBuild Include="DepthPeeling\QDPWidget.h">
      <Filter>Header Files\DepthPeeling</Filter>
    </CustomBuild>
    <CustomBuild Include="ui\DepthPeeling\QDPControlPanel.ui">
      <Filter>Form Files\DepthPeeling</Filter>
    </CustomBuild>
    <CustomBuild Include="ViewSelection\QVSVisualizer.h">
      <Filter>Header Files\ViewSelection</Filter>
    </CustomBuild>
    <CustomBuild Include="ViewSelection\QVSWidget.h">
      <Filter>Header Files\ViewSelection</Filter>
    </CustomBuild>
    <CustomBuild Include="ui\ViewSelection\QVSControlPanel.ui">
      <Filter>Form Files\ViewSelection</Filter>
    </CustomBuild>
    <CustomBuild Include="infrastructures\QTransferFunction1D.h">
      <Filter>Header Files\Infrastructures</Filter>
    </CustomBuild>
    <CustomBuild Include="infrastructures\QHemisphere.h">
      <Filter>Header Files\Infrastructures</Filter>
    </CustomBuild>
    <CustomBuild Include="ViewSelection\QVSControlPanel.h">
      <Filter>Header Files\ViewSelection</Filter>
    </CustomBuild>
    <CustomBuild Include="MarchingTetrahedrons\QMTVisualizer.h">
      <Filter>Header Files\MarchingTetrahedrons</Filter>
    </CustomBuild>
    <CustomBuild Include="MarchingTetrahedrons\QMTWidget.h">
      <Filter>Header Files\MarchingTetrahedrons</Filter>
    </CustomBuild>
    <CustomBuild Include="ui\MarchingTetrahedrons\QMTControlPanel.ui">
      <Filter>Form Files\MarchingTetrahedrons</Filter>
    </CustomBuild>
  </ItemGroup>
  <ItemGroup>
    <ClInclude Include="infrastructures\QStructure.h">
      <Filter>Header Files\Infrastructures</Filter>
    </ClInclude>
    <ClInclude Include="utilities\QUtility.h">
      <Filter>Header Files\Utilities</Filter>
    </ClInclude>
    <ClInclude Include="utilities\QIO.h">
      <Filter>Header Files\Utilities</Filter>
    </ClInclude>
    <ClInclude Include="GeneratedFiles\ui_QVisualizer.h">
      <Filter>Generated Files</Filter>
    </ClInclude>
    <ClInclude Include="infrastructures\QCLProgram.h">
      <Filter>Header Files\Infrastructures</Filter>
    </ClInclude>
    <ClInclude Include="infrastructures\QCLMemory.h">
      <Filter>Header Files\Infrastructures</Filter>
    </ClInclude>
    <ClInclude Include="infrastructures\QPipeline.h">
      <Filter>Header Files\Infrastructures</Filter>
    </ClInclude>
    <ClInclude Include="marchingcubes\QMCSetting.h">
      <Filter>Header Files\MarchingCubes</Filter>
    </ClInclude>
    <ClInclude Include="volumerendering\QVRControlPanel.h">
      <Filter>Header Files\VolumeRendering</Filter>
    </ClInclude>
    <ClInclude Include="volumerendering\QVRSetting.h">
      <Filter>Header Files\VolumeRendering</Filter>
    </ClInclude>
    <ClInclude Include="volumerendering\QVRFeatureExtraction.h">
      <Filter>Header Files\VolumeRendering</Filter>
    </ClInclude>
    <ClInclude Include="MarchingCubes\QMCControlPanel.h">
      <Filter>Header Files\MarchingCubes</Filter>
    </ClInclude>
    <ClInclude Include="GeneratedFiles\ui_QVRControlPanel.h">
      <Filter>Generated Files</Filter>
    </ClInclude>
    <ClInclude Include="GeneratedFiles\ui_QMCControlPanel.h">
      <Filter>Generated Files</Filter>
    </ClInclude>
    <ClInclude Include="VolumeRendering\QVRPipeline.h">
      <Filter>Header Files\VolumeRendering</Filter>
    </ClInclude>
    <ClInclude Include="DepthPeeling\QDPControlPanel.h">
      <Filter>Header Files\DepthPeeling</Filter>
    </ClInclude>
    <ClInclude Include="DepthPeeling\QDPSetting.h">
      <Filter>Header Files\DepthPeeling</Filter>
    </ClInclude>
    <ClInclude Include="GeneratedFiles\ui_QDPControlPanel.h">
      <Filter>Generated Files</Filter>
    </ClInclude>
    <ClInclude Include="infrastructures\QProgram.h">
      <Filter>Header Files\Infrastructures</Filter>
    </ClInclude>
    <ClInclude Include="infrastructures\QTexture.h">
      <Filter>Header Files\Infrastructures</Filter>
    </ClInclude>
    <ClInclude Include="ViewSelection\QVSSetting.h">
      <Filter>Header Files\ViewSelection</Filter>
    </ClInclude>
    <ClInclude Include="GeneratedFiles\ui_QVSControlPanel.h">
      <Filter>Generated Files</Filter>
    </ClInclude>
    <ClInclude Include="infrastructures\QModel.h">
      <Filter>Header Files\Infrastructures</Filter>
    </ClInclude>
    <ClInclude Include="infrastructures\QSerializer.h">
      <Filter>Header Files\Infrastructures</Filter>
    </ClInclude>
    <ClInclude Include="infrastructures\QVTKModel.h">
      <Filter>Header Files\Infrastructures</Filter>
    </ClInclude>
    <ClInclude Include="utilities\QTriangle.h">
      <Filter>Header Files\Utilities</Filter>
    </ClInclude>
    <ClInclude Include="infrastructures\QSetting.h">
      <Filter>Header Files\Infrastructures</Filter>
    </ClInclude>
    <ClInclude Include="MarchingTetrahedrons\QMTControlPanel.h">
      <Filter>Header Files\MarchingTetrahedrons</Filter>
    </ClInclude>
    <ClInclude Include="MarchingTetrahedrons\QMTSetting.h">
      <Filter>Header Files\MarchingTetrahedrons</Filter>
    </ClInclude>
    <ClInclude Include="GeneratedFiles\ui_QMTControlPanel.h">
      <Filter>Generated Files</Filter>
    </ClInclude>
    <ClInclude Include="infrastructures\QGridModel.h">
      <Filter>Header Files\Infrastructures</Filter>
    </ClInclude>
  </ItemGroup>
  <ItemGroup>
    <None Include="cl\VoulmeRendering\volume_render.cl">
      <Filter>OpenCL Files\VolumeRendering</Filter>
    </None>
    <None Include="cl\FeatureExtraction\feature_extractor.cl">
      <Filter>OpenCL Files\FeatureExtraction</Filter>
    </None>
    <None Include="glsl\DepthPeeling\dual_peeling_blend_fragment.glsl">
      <Filter>GLSL Files\DepthPeeling</Filter>
    </None>
    <None Include="glsl\DepthPeeling\dual_peeling_blend_vertex.glsl">
      <Filter>GLSL Files\DepthPeeling</Filter>
    </None>
    <None Include="glsl\DepthPeeling\dual_peeling_final_fragment.glsl">
      <Filter>GLSL Files\DepthPeeling</Filter>
    </None>
    <None Include="glsl\DepthPeeling\dual_peeling_final_vertex.glsl">
      <Filter>GLSL Files\DepthPeeling</Filter>
    </None>
    <None Include="glsl\DepthPeeling\dual_peeling_init_fragment.glsl">
      <Filter>GLSL Files\DepthPeeling</Filter>
    </None>
    <None Include="glsl\DepthPeeling\dual_peeling_init_vertex.glsl">
      <Filter>GLSL Files\DepthPeeling</Filter>
    </None>
    <None Include="glsl\DepthPeeling\dual_peeling_peel_fragment.glsl">
      <Filter>GLSL Files\DepthPeeling</Filter>
    </None>
    <None Include="glsl\DepthPeeling\dual_peeling_peel_vertex.glsl">
      <Filter>GLSL Files\DepthPeeling</Filter>
    </None>
    <None Include="cl\ViewSelection\view_selector.cl">
      <Filter>OpenCL Files\ViewSelection</Filter>
    </None>
    <None Include="glsl\VolumeRendering\ray_casting_fragment.glsl">
      <Filter>GLSL Files\VolumeRendering</Filter>
    </None>
    <None Include="glsl\VolumeRendering\ray_casting_vertex.glsl">
      <Filter>GLSL Files\VolumeRendering</Filter>
    </None>
    <None Include="cl\MarchingCubes\cube_classifier.cl">
      <Filter>OpenCL Files\MarchingCubes</Filter>
    </None>
    <None Include="cl\MarchingCubes\hp_traverser.cl">
      <Filter>OpenCL Files\MarchingCubes</Filter>
    </None>
    <None Include="cl\MarchingCubes\hp_constructor.cl">
      <Filter>OpenCL Files\MarchingCubes</Filter>
    </None>
    <None Include="cl\ViewSelection\view_final.cl">
      <Filter>OpenCL Files\ViewSelection</Filter>
    </None>
    <None Include="cl\ViewSelection\view_init.cl">
      <Filter>OpenCL Files\ViewSelection</Filter>
    </None>
    <None Include="cl\ViewSelection\view_gradient.cl">
      <Filter>OpenCL Files\ViewSelection</Filter>
    </None>
    <None Include="cl\ViewSelection\view_smoother.cl">
      <Filter>OpenCL Files\ViewSelection</Filter>
    </None>
    <None Include="cl\MarchingTetrahedrons\cube_classifier.cl">
      <Filter>OpenCL Files\MarchingTetrahedrons</Filter>
    </None>
    <None Include="cl\MarchingTetrahedrons\hp_traverser.cl">
      <Filter>OpenCL Files\MarchingTetrahedrons</Filter>
    </None>
    <None Include="cl\MarchingTetrahedrons\hp_constructor.cl">
      <Filter>OpenCL Files\MarchingTetrahedrons</Filter>
    </None>
  </ItemGroup>
</Project>