
Microsoft Visual Studio Solution File, Format Version 9.00
# Visual Studio 2005
Project("{8BC9CEB8-8B4A-11D0-8D11-00A0C91BC942}") = "hOoCLOD", "hOoCLOD\hOoCLOD.vcproj", "{71ADA8F0-5293-40A9-93F9-FBC289283B03}"
EndProject
Project("{8BC9CEB8-8B4A-11D0-8D11-00A0C91BC942}") = "hSimpKit", "hSimpKit\hSimpKit.vcproj", "{A03330D3-129A-4EB5-828C-0112EFE97B77}"
EndProject
Global
	GlobalSection(SolutionConfigurationPlatforms) = preSolution
		Debug|Win32 = Debug|Win32
		Release|Win32 = Release|Win32
	EndGlobalSection
	GlobalSection(ProjectConfigurationPlatforms) = postSolution
		{71ADA8F0-5293-40A9-93F9-FBC289283B03}.Debug|Win32.ActiveCfg = Debug|Win32
		{71ADA8F0-5293-40A9-93F9-FBC289283B03}.Debug|Win32.Build.0 = Debug|Win32
		{71ADA8F0-5293-40A9-93F9-FBC289283B03}.Release|Win32.ActiveCfg = Release|Win32
		{71ADA8F0-5293-40A9-93F9-FBC289283B03}.Release|Win32.Build.0 = Release|Win32
		{A03330D3-129A-4EB5-828C-0112EFE97B77}.Debug|Win32.ActiveCfg = Debug|Win32
		{A03330D3-129A-4EB5-828C-0112EFE97B77}.Debug|Win32.Build.0 = Debug|Win32
		{A03330D3-129A-4EB5-828C-0112EFE97B77}.Release|Win32.ActiveCfg = Release|Win32
		{A03330D3-129A-4EB5-828C-0112EFE97B77}.Release|Win32.Build.0 = Release|Win32
	EndGlobalSection
	GlobalSection(SolutionProperties) = preSolution
		HideSolutionNode = FALSE
	EndGlobalSection
EndGlobal
