
Microsoft Visual Studio Solution File, Format Version 9.00
# Visual Studio 2005
Project("{8BC9CEB8-8B4A-11D0-8D11-00A0C91BC942}") = "MixKit", "..\mixkit\MixKit.vcproj", "{7B147D9E-02DA-4094-B2B9-A71CB1E75D65}"
EndProject
Project("{8BC9CEB8-8B4A-11D0-8D11-00A0C91BC942}") = "QSlim", "QSlim\QSlim.vcproj", "{3ABD4DCC-BFD5-4FDD-BCCB-9DBB765D9C2B}"
EndProject
Project("{8BC9CEB8-8B4A-11D0-8D11-00A0C91BC942}") = "QVis", "QVis\QVis.vcproj", "{8D10289D-757B-4DB1-89A6-82D3493510E4}"
	ProjectSection(ProjectDependencies) = postProject
		{7B147D9E-02DA-4094-B2B9-A71CB1E75D65} = {7B147D9E-02DA-4094-B2B9-A71CB1E75D65}
		{448B4D05-BE88-4D44-9BAD-1ADA8D56CEC6} = {448B4D05-BE88-4D44-9BAD-1ADA8D56CEC6}
	EndProjectSection
EndProject
Project("{8BC9CEB8-8B4A-11D0-8D11-00A0C91BC942}") = "SMFView", "SMFView\SMFView.vcproj", "{ABDACD9E-6889-4E31-9772-5AC56555BE4E}"
	ProjectSection(ProjectDependencies) = postProject
		{7B147D9E-02DA-4094-B2B9-A71CB1E75D65} = {7B147D9E-02DA-4094-B2B9-A71CB1E75D65}
		{448B4D05-BE88-4D44-9BAD-1ADA8D56CEC6} = {448B4D05-BE88-4D44-9BAD-1ADA8D56CEC6}
	EndProjectSection
EndProject
Project("{8BC9CEB8-8B4A-11D0-8D11-00A0C91BC942}") = "libgfx", "..\libgfx\vc6\libgfx\libgfx.vcproj", "{448B4D05-BE88-4D44-9BAD-1ADA8D56CEC6}"
EndProject
Project("{8BC9CEB8-8B4A-11D0-8D11-00A0C91BC942}") = "filters", "..\tools\filters\filters.vcproj", "{520864FB-3D62-4294-B831-7E77BAF73FCE}"
EndProject
Global
	GlobalSection(SolutionConfigurationPlatforms) = preSolution
		Debug|Win32 = Debug|Win32
		Release|Win32 = Release|Win32
	EndGlobalSection
	GlobalSection(ProjectConfigurationPlatforms) = postSolution
		{7B147D9E-02DA-4094-B2B9-A71CB1E75D65}.Debug|Win32.ActiveCfg = Debug|Win32
		{7B147D9E-02DA-4094-B2B9-A71CB1E75D65}.Debug|Win32.Build.0 = Debug|Win32
		{7B147D9E-02DA-4094-B2B9-A71CB1E75D65}.Release|Win32.ActiveCfg = Release|Win32
		{7B147D9E-02DA-4094-B2B9-A71CB1E75D65}.Release|Win32.Build.0 = Release|Win32
		{3ABD4DCC-BFD5-4FDD-BCCB-9DBB765D9C2B}.Debug|Win32.ActiveCfg = Debug|Win32
		{3ABD4DCC-BFD5-4FDD-BCCB-9DBB765D9C2B}.Debug|Win32.Build.0 = Debug|Win32
		{3ABD4DCC-BFD5-4FDD-BCCB-9DBB765D9C2B}.Release|Win32.ActiveCfg = Release|Win32
		{3ABD4DCC-BFD5-4FDD-BCCB-9DBB765D9C2B}.Release|Win32.Build.0 = Release|Win32
		{8D10289D-757B-4DB1-89A6-82D3493510E4}.Debug|Win32.ActiveCfg = Debug|Win32
		{8D10289D-757B-4DB1-89A6-82D3493510E4}.Debug|Win32.Build.0 = Debug|Win32
		{8D10289D-757B-4DB1-89A6-82D3493510E4}.Release|Win32.ActiveCfg = Release|Win32
		{8D10289D-757B-4DB1-89A6-82D3493510E4}.Release|Win32.Build.0 = Release|Win32
		{ABDACD9E-6889-4E31-9772-5AC56555BE4E}.Debug|Win32.ActiveCfg = Debug|Win32
		{ABDACD9E-6889-4E31-9772-5AC56555BE4E}.Debug|Win32.Build.0 = Debug|Win32
		{ABDACD9E-6889-4E31-9772-5AC56555BE4E}.Release|Win32.ActiveCfg = Release|Win32
		{ABDACD9E-6889-4E31-9772-5AC56555BE4E}.Release|Win32.Build.0 = Release|Win32
		{448B4D05-BE88-4D44-9BAD-1ADA8D56CEC6}.Debug|Win32.ActiveCfg = Debug|Win32
		{448B4D05-BE88-4D44-9BAD-1ADA8D56CEC6}.Debug|Win32.Build.0 = Debug|Win32
		{448B4D05-BE88-4D44-9BAD-1ADA8D56CEC6}.Release|Win32.ActiveCfg = Release|Win32
		{448B4D05-BE88-4D44-9BAD-1ADA8D56CEC6}.Release|Win32.Build.0 = Release|Win32
		{520864FB-3D62-4294-B831-7E77BAF73FCE}.Debug|Win32.ActiveCfg = Debug|Win32
		{520864FB-3D62-4294-B831-7E77BAF73FCE}.Debug|Win32.Build.0 = Debug|Win32
		{520864FB-3D62-4294-B831-7E77BAF73FCE}.Release|Win32.ActiveCfg = Release|Win32
		{520864FB-3D62-4294-B831-7E77BAF73FCE}.Release|Win32.Build.0 = Release|Win32
	EndGlobalSection
	GlobalSection(SolutionProperties) = preSolution
		HideSolutionNode = FALSE
	EndGlobalSection
EndGlobal
