
Microsoft Visual Studio Solution File, Format Version 9.00
# Visual Studio 2005
Project("{8BC9CEB8-8B4A-11D0-8D11-00A0C91BC942}") = "QRendering", "QVisualizer\QVisualizer.vcproj", "{45EF6AF2-D3ED-417B-ABF6-8DB952F39B1B}"
EndProject
Project("{8BC9CEB8-8B4A-11D0-8D11-00A0C91BC942}") = "hsimpkit", "..\hsimpkit\hsimpkit.vcproj", "{A03330D3-129A-4EB5-828C-0112EFE97B77}"
EndProject
Project("{8BC9CEB8-8B4A-11D0-8D11-00A0C91BC942}") = "libgfx", "..\libgfx\vc6\libgfx\libgfx.vcproj", "{448B4D05-BE88-4D44-9BAD-1ADA8D56CEC6}"
EndProject
Global
	GlobalSection(SolutionConfigurationPlatforms) = preSolution
		Debug|Win32 = Debug|Win32
		Release|Win32 = Release|Win32
	EndGlobalSection
	GlobalSection(ProjectConfigurationPlatforms) = postSolution
		{45EF6AF2-D3ED-417B-ABF6-8DB952F39B1B}.Debug|Win32.ActiveCfg = Debug|Win32
		{45EF6AF2-D3ED-417B-ABF6-8DB952F39B1B}.Debug|Win32.Build.0 = Debug|Win32
		{45EF6AF2-D3ED-417B-ABF6-8DB952F39B1B}.Release|Win32.ActiveCfg = Release|Win32
		{45EF6AF2-D3ED-417B-ABF6-8DB952F39B1B}.Release|Win32.Build.0 = Release|Win32
		{A03330D3-129A-4EB5-828C-0112EFE97B77}.Debug|Win32.ActiveCfg = Debug|Win32
		{A03330D3-129A-4EB5-828C-0112EFE97B77}.Debug|Win32.Build.0 = Debug|Win32
		{A03330D3-129A-4EB5-828C-0112EFE97B77}.Release|Win32.ActiveCfg = Release|Win32
		{A03330D3-129A-4EB5-828C-0112EFE97B77}.Release|Win32.Build.0 = Release|Win32
		{448B4D05-BE88-4D44-9BAD-1ADA8D56CEC6}.Debug|Win32.ActiveCfg = Debug|Win32
		{448B4D05-BE88-4D44-9BAD-1ADA8D56CEC6}.Debug|Win32.Build.0 = Debug|Win32
		{448B4D05-BE88-4D44-9BAD-1ADA8D56CEC6}.Release|Win32.ActiveCfg = Release|Win32
		{448B4D05-BE88-4D44-9BAD-1ADA8D56CEC6}.Release|Win32.Build.0 = Release|Win32
	EndGlobalSection
	GlobalSection(SolutionProperties) = preSolution
		HideSolutionNode = FALSE
	EndGlobalSection
	GlobalSection(Qt) = preSolution
		Integration = True
	EndGlobalSection
	GlobalSection(Qt) = preSolution
		Integration = True
	EndGlobalSection
EndGlobal
