
Microsoft Visual Studio Solution File, Format Version 11.00
# Visual Studio 2010
Project("{8BC9CEB8-8B4A-11D0-8D11-00A0C91BC942}") = "oocmc", "oocmc.vcxproj", "{A74C02B9-B4C9-4370-825D-792047377576}"
EndProject
Project("{8BC9CEB8-8B4A-11D0-8D11-00A0C91BC942}") = "hsimpkit", "..\hsimpkit\hsimpkit.vcxproj", "{A03330D3-129A-4EB5-828C-0112EFE97B77}"
EndProject
Project("{8BC9CEB8-8B4A-11D0-8D11-00A0C91BC942}") = "libgfx", "..\libgfx\vc6\libgfx\libgfx.vcxproj", "{448B4D05-BE88-4D44-9BAD-1ADA8D56CEC6}"
EndProject
Global
	GlobalSection(SolutionConfigurationPlatforms) = preSolution
		Debug|Win32 = Debug|Win32
		Release|Win32 = Release|Win32
	EndGlobalSection
	GlobalSection(ProjectConfigurationPlatforms) = postSolution
		{A74C02B9-B4C9-4370-825D-792047377576}.Debug|Win32.ActiveCfg = Debug|Win32
		{A74C02B9-B4C9-4370-825D-792047377576}.Debug|Win32.Build.0 = Debug|Win32
		{A74C02B9-B4C9-4370-825D-792047377576}.Release|Win32.ActiveCfg = Release|Win32
		{A74C02B9-B4C9-4370-825D-792047377576}.Release|Win32.Build.0 = Release|Win32
		{A03330D3-129A-4EB5-828C-0112EFE97B77}.Debug|Win32.ActiveCfg = Debug|Win32
		{A03330D3-129A-4EB5-828C-0112EFE97B77}.Debug|Win32.Build.0 = Debug|Win32
		{A03330D3-129A-4EB5-828C-0112EFE97B77}.Release|Win32.ActiveCfg = Release|Win32
		{A03330D3-129A-4EB5-828C-0112EFE97B77}.Release|Win32.Build.0 = Release|Win32
		{448B4D05-BE88-4D44-9BAD-1ADA8D56CEC6}.Debug|Win32.ActiveCfg = Debug|Win32
		{448B4D05-BE88-4D44-9BAD-1ADA8D56CEC6}.Debug|Win32.Build.0 = Debug|Win32
		{448B4D05-BE88-4D44-9BAD-1ADA8D56CEC6}.Release|Win32.ActiveCfg = Release|Win32
		{448B4D05-BE88-4D44-9BAD-1ADA8D56CEC6}.Release|Win32.Build.0 = Release|Win32
	EndGlobalSection
	GlobalSection(SolutionProperties) = preSolution
		HideSolutionNode = FALSE
	EndGlobalSection
EndGlobal
